
Microsoft Visual Studio Solution File, Format Version 12.00
# Visual Studio Version 17
VisualStudioVersion = 17.3.32929.385
MinimumVisualStudioVersion = 10.0.40219.1
Project("{FAE04EC0-301F-11D3-BF4B-00C04F79EFBC}") = "Ovelse1", "Ovelse1.csproj", "{FE587A77-EB24-4314-A219-8E0375D2D66E}"
EndProject
Global
	GlobalSection(SolutionConfigurationPlatforms) = preSolution
		Debug|Any CPU = Debug|Any CPU
		Release|Any CPU = Release|Any CPU
	EndGlobalSection
	GlobalSection(ProjectConfigurationPlatforms) = postSolution
		{FE587A77-EB24-4314-A219-8E0375D2D66E}.Debug|Any CPU.ActiveCfg = Debug|Any CPU
		{FE587A77-EB24-4314-A219-8E0375D2D66E}.Debug|Any CPU.Build.0 = Debug|Any CPU
		{FE587A77-EB24-4314-A219-8E0375D2D66E}.Release|Any CPU.ActiveCfg = Release|Any CPU
		{FE587A77-EB24-4314-A219-8E0375D2D66E}.Release|Any CPU.Build.0 = Release|Any CPU
	EndGlobalSection
	GlobalSection(SolutionProperties) = preSolution
		HideSolutionNode = FALSE
	EndGlobalSection
	GlobalSection(ExtensibilityGlobals) = postSolution
		SolutionGuid = {1C4B3BED-268A-46C7-BB46-7793AF3B256F}
	EndGlobalSection
EndGlobal
